
Microsoft Visual Studio Solution File, Format Version 12.00
# Visual Studio Version 16
VisualStudioVersion = 16.0.810.22
MinimumVisualStudioVersion = 10.0.40219.1
Project("{FAE04EC0-301F-11D3-BF4B-00C04F79EFBC}") = "exampleHelloWorld", "exampleHelloWorld\exampleHelloWorld.csproj", "{6DF0A26C-E0F2-4EF2-B171-D841B0B3E807}"
EndProject
Global
	GlobalSection(SolutionConfigurationPlatforms) = preSolution
		Debug|Any CPU = Debug|Any CPU
		Release|Any CPU = Release|Any CPU
	EndGlobalSection
	GlobalSection(ProjectConfigurationPlatforms) = postSolution
		{6DF0A26C-E0F2-4EF2-B171-D841B0B3E807}.Debug|Any CPU.ActiveCfg = Debug|Any CPU
		{6DF0A26C-E0F2-4EF2-B171-D841B0B3E807}.Debug|Any CPU.Build.0 = Debug|Any CPU
		{6DF0A26C-E0F2-4EF2-B171-D841B0B3E807}.Release|Any CPU.ActiveCfg = Release|Any CPU
		{6DF0A26C-E0F2-4EF2-B171-D841B0B3E807}.Release|Any CPU.Build.0 = Release|Any CPU
	EndGlobalSection
	GlobalSection(SolutionProperties) = preSolution
		HideSolutionNode = FALSE
	EndGlobalSection
	GlobalSection(ExtensibilityGlobals) = postSolution
		SolutionGuid = {AE0B1F6A-97F4-40FF-BAF0-C636481BA48A}
	EndGlobalSection
EndGlobal
